PODS:
  - FastCoding (3.2.1)
  - ObjcExceptionBridging (1.0.1):
    - ObjcExceptionBridging/ObjcExceptionBridging (= 1.0.1)
  - ObjcExceptionBridging/ObjcExceptionBridging (1.0.1)
  - Siesta (1.3.0):
    - Siesta/Core (= 1.3.0)
  - Siesta/Core (1.3.0)
  - XCGLogger (5.0.4):
    - XCGLogger/Core (= 5.0.4)
  - XCGLogger/Core (5.0.4):
    - ObjcExceptionBridging

DEPENDENCIES:
  - FastCoding
  - Siesta (~> 1.3.0)
  - XCGLogger (~> 5.0)

SPEC CHECKSUMS:
  FastCoding: ed46c83ba23d048aafa0251972a1e1fc1cfc58ed
  ObjcExceptionBridging: c30e00eb3700467e695faeea30e26e18bd445001
  Siesta: 90cb487ebcabdc1ee0201842f027cd37df2532be
  XCGLogger: aecf77ae25c59a833a0fdbd9bc2cd737d52dd847

PODFILE CHECKSUM: 207069a32bad35eb7bcaf455a649c01b63b355f0

COCOAPODS: 1.3.1
