// !$*UTF8*$!
{
	archiveVersion = 1;
	classes = {
	};
	objectVersion = 46;
	objects = {

/* Begin PBXBuildFile section */
		C75105011D7422BF00F4C341 /* KatsanaSDK.h in Headers */ = {isa = PBXBuildFile; fileRef = C75105001D7422BF00F4C341 /* KatsanaSDK.h */; settings = {ATTRIBUTES = (Public, ); }; };
		C751054F1D742B5F00F4C341 /* MapKit.framework in Frameworks */ = {isa = PBXBuildFile; fileRef = C751054E1D742B5F00F4C341 /* MapKit.framework */; };
		C75105601D742D0500F4C341 /* UIKit.framework in Frameworks */ = {isa = PBXBuildFile; fileRef = C751055F1D742D0500F4C341 /* UIKit.framework */; };
		C75105621D742D4700F4C341 /* PrefixHeader.pch in Headers */ = {isa = PBXBuildFile; fileRef = C75105611D742D4700F4C341 /* PrefixHeader.pch */; };
		C75105641D742D8600F4C341 /* CoreLocation.framework in Frameworks */ = {isa = PBXBuildFile; fileRef = C75105631D742D8600F4C341 /* CoreLocation.framework */; };
		C75945671DAE217400774FAD /* KMObject.h in Headers */ = {isa = PBXBuildFile; fileRef = C75945651DAE217400774FAD /* KMObject.h */; settings = {ATTRIBUTES = (Public, ); }; };
		C76B86B81DAF16EC005F6751 /* KatsanaAPI+Vehicle.swift in Sources */ = {isa = PBXBuildFile; fileRef = C76B86B71DAF16EC005F6751 /* KatsanaAPI+Vehicle.swift */; };
		C76B86BA1DAF1B56005F6751 /* KatsanaAPI+Logic.swift in Sources */ = {isa = PBXBuildFile; fileRef = C76B86B91DAF1B56005F6751 /* KatsanaAPI+Logic.swift */; };
		C76B86BC1DAF2379005F6751 /* SwiftyJSON.framework in Frameworks */ = {isa = PBXBuildFile; fileRef = C76B86BB1DAF2379005F6751 /* SwiftyJSON.framework */; };
		C76B86BD1DAF32BE005F6751 /* SwiftyJSON.framework in CopyFiles */ = {isa = PBXBuildFile; fileRef = C76B86BB1DAF2379005F6751 /* SwiftyJSON.framework */; settings = {ATTRIBUTES = (CodeSignOnCopy, RemoveHeadersOnCopy, ); }; };
		C76B86BF1DAF5572005F6751 /* User.swift in Sources */ = {isa = PBXBuildFile; fileRef = C76B86BE1DAF5572005F6751 /* User.swift */; };
		C76B86C31DAF569B005F6751 /* ObjectJSONTransformer.swift in Sources */ = {isa = PBXBuildFile; fileRef = C76B86C21DAF569B005F6751 /* ObjectJSONTransformer.swift */; };
		C76B86C51DAF8A48005F6751 /* KatsanaAPI+Trip.swift in Sources */ = {isa = PBXBuildFile; fileRef = C76B86C41DAF8A48005F6751 /* KatsanaAPI+Trip.swift */; };
		C773C96F1D98B02C00FC698E /* FastCoder.h in Headers */ = {isa = PBXBuildFile; fileRef = C773C96D1D98B02C00FC698E /* FastCoder.h */; };
		C773C9701D98B02C00FC698E /* FastCoder.m in Sources */ = {isa = PBXBuildFile; fileRef = C773C96E1D98B02C00FC698E /* FastCoder.m */; };
		C78B22121D757441002E25C3 /* KMConstant.h in Headers */ = {isa = PBXBuildFile; fileRef = C78B22101D757441002E25C3 /* KMConstant.h */; settings = {ATTRIBUTES = (Public, ); }; };
		C78B22131D757441002E25C3 /* KMConstant.m in Sources */ = {isa = PBXBuildFile; fileRef = C78B22111D757441002E25C3 /* KMConstant.m */; };
		C78B22151D75754B002E25C3 /* LICENSE in Resources */ = {isa = PBXBuildFile; fileRef = C78B22141D75754B002E25C3 /* LICENSE */; };
		C797D5A01DAE521B00138ACE /* Siesta.framework in Frameworks */ = {isa = PBXBuildFile; fileRef = C797D59F1DAE521A00138ACE /* Siesta.framework */; };
		C79C76431DADF507003A7DEF /* KatsanaAPI.swift in Sources */ = {isa = PBXBuildFile; fileRef = C79C76421DADF507003A7DEF /* KatsanaAPI.swift */; };
		C79C76451DADF933003A7DEF /* KatsanaAPI+Login.swift in Sources */ = {isa = PBXBuildFile; fileRef = C79C76441DADF933003A7DEF /* KatsanaAPI+Login.swift */; };
		C79D9FF51D7D19CF0003E7A8 /* KMCacheManager.h in Headers */ = {isa = PBXBuildFile; fileRef = C79D9FCE1D7D19CF0003E7A8 /* KMCacheManager.h */; settings = {ATTRIBUTES = (Public, ); }; };
		C79D9FF61D7D19CF0003E7A8 /* KMCacheManager.m in Sources */ = {isa = PBXBuildFile; fileRef = C79D9FCF1D7D19CF0003E7A8 /* KMCacheManager.m */; };
		C79D9FF71D7D19CF0003E7A8 /* UIImage+Extension.h in Headers */ = {isa = PBXBuildFile; fileRef = C79D9FD11D7D19CF0003E7A8 /* UIImage+Extension.h */; };
		C79D9FF81D7D19CF0003E7A8 /* UIImage+Extension.m in Sources */ = {isa = PBXBuildFile; fileRef = C79D9FD21D7D19CF0003E7A8 /* UIImage+Extension.m */; };
		C79D9FFF1D7D19CF0003E7A8 /* KMActivityObject.h in Headers */ = {isa = PBXBuildFile; fileRef = C79D9FDB1D7D19CF0003E7A8 /* KMActivityObject.h */; settings = {ATTRIBUTES = (Public, ); }; };
		C79DA0001D7D19CF0003E7A8 /* KMActivityObject.m in Sources */ = {isa = PBXBuildFile; fileRef = C79D9FDC1D7D19CF0003E7A8 /* KMActivityObject.m */; };
		C79DA0011D7D19CF0003E7A8 /* KMAddress.h in Headers */ = {isa = PBXBuildFile; fileRef = C79D9FDD1D7D19CF0003E7A8 /* KMAddress.h */; settings = {ATTRIBUTES = (Public, ); }; };
		C79DA0021D7D19CF0003E7A8 /* KMAddress.m in Sources */ = {isa = PBXBuildFile; fileRef = C79D9FDE1D7D19CF0003E7A8 /* KMAddress.m */; };
		C79DA0031D7D19CF0003E7A8 /* KMAvatar.h in Headers */ = {isa = PBXBuildFile; fileRef = C79D9FDF1D7D19CF0003E7A8 /* KMAvatar.h */; settings = {ATTRIBUTES = (Public, ); }; };
		C79DA0041D7D19CF0003E7A8 /* KMAvatar.m in Sources */ = {isa = PBXBuildFile; fileRef = C79D9FE01D7D19CF0003E7A8 /* KMAvatar.m */; };
		C79DA0051D7D19CF0003E7A8 /* KMNotificationSettings.h in Headers */ = {isa = PBXBuildFile; fileRef = C79D9FE11D7D19CF0003E7A8 /* KMNotificationSettings.h */; settings = {ATTRIBUTES = (Public, ); }; };
		C79DA0061D7D19CF0003E7A8 /* KMNotificationSettings.m in Sources */ = {isa = PBXBuildFile; fileRef = C79D9FE21D7D19CF0003E7A8 /* KMNotificationSettings.m */; };
		C79DA0071D7D19CF0003E7A8 /* KMNotificationSettingsObject.h in Headers */ = {isa = PBXBuildFile; fileRef = C79D9FE31D7D19CF0003E7A8 /* KMNotificationSettingsObject.h */; settings = {ATTRIBUTES = (Public, ); }; };
		C79DA0081D7D19CF0003E7A8 /* KMNotificationSettingsObject.m in Sources */ = {isa = PBXBuildFile; fileRef = C79D9FE41D7D19CF0003E7A8 /* KMNotificationSettingsObject.m */; };
		C79DA0091D7D19CF0003E7A8 /* KMTrip.h in Headers */ = {isa = PBXBuildFile; fileRef = C79D9FE51D7D19CF0003E7A8 /* KMTrip.h */; settings = {ATTRIBUTES = (Public, ); }; };
		C79DA00A1D7D19CF0003E7A8 /* KMTrip.m in Sources */ = {isa = PBXBuildFile; fileRef = C79D9FE61D7D19CF0003E7A8 /* KMTrip.m */; };
		C79DA00B1D7D19CF0003E7A8 /* KMUser.h in Headers */ = {isa = PBXBuildFile; fileRef = C79D9FE71D7D19CF0003E7A8 /* KMUser.h */; settings = {ATTRIBUTES = (Public, ); }; };
		C79DA00C1D7D19CF0003E7A8 /* KMUser.m in Sources */ = {isa = PBXBuildFile; fileRef = C79D9FE81D7D19CF0003E7A8 /* KMUser.m */; };
		C79DA00D1D7D19CF0003E7A8 /* KMVehicle.h in Headers */ = {isa = PBXBuildFile; fileRef = C79D9FE91D7D19CF0003E7A8 /* KMVehicle.h */; settings = {ATTRIBUTES = (Public, ); }; };
		C79DA00E1D7D19CF0003E7A8 /* KMVehicle.m in Sources */ = {isa = PBXBuildFile; fileRef = C79D9FEA1D7D19CF0003E7A8 /* KMVehicle.m */; };
		C79DA00F1D7D19CF0003E7A8 /* KMTravelHistory.h in Headers */ = {isa = PBXBuildFile; fileRef = C79D9FEB1D7D19CF0003E7A8 /* KMTravelHistory.h */; settings = {ATTRIBUTES = (Public, ); }; };
		C79DA0101D7D19CF0003E7A8 /* KMTravelHistory.m in Sources */ = {isa = PBXBuildFile; fileRef = C79D9FEC1D7D19CF0003E7A8 /* KMTravelHistory.m */; };
		C79DA0111D7D19CF0003E7A8 /* KMVehiclePosition.h in Headers */ = {isa = PBXBuildFile; fileRef = C79D9FED1D7D19CF0003E7A8 /* KMVehiclePosition.h */; settings = {ATTRIBUTES = (Public, ); }; };
		C79DA0121D7D19CF0003E7A8 /* KMVehiclePosition.m in Sources */ = {isa = PBXBuildFile; fileRef = C79D9FEE1D7D19CF0003E7A8 /* KMVehiclePosition.m */; };
		C79DA0131D7D19CF0003E7A8 /* KMViolation.h in Headers */ = {isa = PBXBuildFile; fileRef = C79D9FEF1D7D19CF0003E7A8 /* KMViolation.h */; settings = {ATTRIBUTES = (Public, ); }; };
		C79DA0141D7D19CF0003E7A8 /* KMViolation.m in Sources */ = {isa = PBXBuildFile; fileRef = C79D9FF01D7D19CF0003E7A8 /* KMViolation.m */; };
		C79DA0151D7D19CF0003E7A8 /* KMTimeTransformer.h in Headers */ = {isa = PBXBuildFile; fileRef = C79D9FF21D7D19CF0003E7A8 /* KMTimeTransformer.h */; settings = {ATTRIBUTES = (Public, ); }; };
		C79DA0161D7D19CF0003E7A8 /* KMTimeTransformer.m in Sources */ = {isa = PBXBuildFile; fileRef = C79D9FF31D7D19CF0003E7A8 /* KMTimeTransformer.m */; };
		C7A4BF781DAF077E007E90B8 /* KatsanaSDKTests.swift in Sources */ = {isa = PBXBuildFile; fileRef = C7A4BF771DAF077E007E90B8 /* KatsanaSDKTests.swift */; };
		C7A4BF7A1DAF077E007E90B8 /* KatsanaSDK.framework in Frameworks */ = {isa = PBXBuildFile; fileRef = C75104FD1D7422BF00F4C341 /* KatsanaSDK.framework */; };
		C7A4BF871DAF0C32007E90B8 /* AppDelegate.swift in Sources */ = {isa = PBXBuildFile; fileRef = C7A4BF861DAF0C32007E90B8 /* AppDelegate.swift */; };
		C7A4BF891DAF0C32007E90B8 /* ViewController.swift in Sources */ = {isa = PBXBuildFile; fileRef = C7A4BF881DAF0C32007E90B8 /* ViewController.swift */; };
		C7A4BF8C1DAF0C32007E90B8 /* Main.storyboard in Resources */ = {isa = PBXBuildFile; fileRef = C7A4BF8A1DAF0C32007E90B8 /* Main.storyboard */; };
		C7A4BF8E1DAF0C32007E90B8 /* Assets.xcassets in Resources */ = {isa = PBXBuildFile; fileRef = C7A4BF8D1DAF0C32007E90B8 /* Assets.xcassets */; };
		C7A4BF911DAF0C32007E90B8 /* LaunchScreen.storyboard in Resources */ = {isa = PBXBuildFile; fileRef = C7A4BF8F1DAF0C32007E90B8 /* LaunchScreen.storyboard */; };
		C7A4BF961DAF0ECB007E90B8 /* KatsanaSDK.framework in Frameworks */ = {isa = PBXBuildFile; fileRef = C75104FD1D7422BF00F4C341 /* KatsanaSDK.framework */; };
		C7A4BF971DAF0ECB007E90B8 /* KatsanaSDK.framework in Embed Frameworks */ = {isa = PBXBuildFile; fileRef = C75104FD1D7422BF00F4C341 /* KatsanaSDK.framework */; settings = {ATTRIBUTES = (CodeSignOnCopy, RemoveHeadersOnCopy, ); }; };
		C7A4BF9C1DAF0F12007E90B8 /* Siesta.framework in CopyFiles */ = {isa = PBXBuildFile; fileRef = C797D59F1DAE521A00138ACE /* Siesta.framework */; settings = {ATTRIBUTES = (CodeSignOnCopy, RemoveHeadersOnCopy, ); }; };
/* End PBXBuildFile section */

/* Begin PBXContainerItemProxy section */
		C7A4BF7B1DAF077E007E90B8 /* PBXContainerItemProxy */ = {
			isa = PBXContainerItemProxy;
			containerPortal = C75104F41D7422BF00F4C341 /* Project object */;
			proxyType = 1;
			remoteGlobalIDString = C75104FC1D7422BF00F4C341;
			remoteInfo = KatsanaSDK;
		};
		C7A4BF981DAF0ECB007E90B8 /* PBXContainerItemProxy */ = {
			isa = PBXContainerItemProxy;
			containerPortal = C75104F41D7422BF00F4C341 /* Project object */;
			proxyType = 1;
			remoteGlobalIDString = C75104FC1D7422BF00F4C341;
			remoteInfo = KatsanaSDK;
		};
/* End PBXContainerItemProxy section */

/* Begin PBXCopyFilesBuildPhase section */
		C7A4BF9A1DAF0ECB007E90B8 /* Embed Frameworks */ = {
			isa = PBXCopyFilesBuildPhase;
			buildActionMask = 2147483647;
			dstPath = "";
			dstSubfolderSpec = 10;
			files = (
				C7A4BF971DAF0ECB007E90B8 /* KatsanaSDK.framework in Embed Frameworks */,
			);
			name = "Embed Frameworks";
			runOnlyForDeploymentPostprocessing = 0;
		};
		C7A4BF9B1DAF0F0B007E90B8 /* CopyFiles */ = {
			isa = PBXCopyFilesBuildPhase;
			buildActionMask = 2147483647;
			dstPath = "";
			dstSubfolderSpec = 10;
			files = (
				C76B86BD1DAF32BE005F6751 /* SwiftyJSON.framework in CopyFiles */,
				C7A4BF9C1DAF0F12007E90B8 /* Siesta.framework in CopyFiles */,
			);
			runOnlyForDeploymentPostprocessing = 0;
		};
/* End PBXCopyFilesBuildPhase section */

/* Begin PBXFileReference section */
		C75104FD1D7422BF00F4C341 /* KatsanaSDK.framework */ = {isa = PBXFileReference; explicitFileType = wrapper.framework; includeInIndex = 0; path = KatsanaSDK.framework; sourceTree = BUILT_PRODUCTS_DIR; };
		C75105001D7422BF00F4C341 /* KatsanaSDK.h */ = {isa = PBXFileReference; lastKnownFileType = sourcecode.c.h; path = KatsanaSDK.h; sourceTree = "<group>"; };
		C75105021D7422BF00F4C341 /* Info.plist */ = {isa = PBXFileReference; lastKnownFileType = text.plist.xml; path = Info.plist; sourceTree = "<group>"; };
		C751054E1D742B5F00F4C341 /* MapKit.framework */ = {isa = PBXFileReference; lastKnownFileType = wrapper.framework; name = MapKit.framework; path = System/Library/Frameworks/MapKit.framework; sourceTree = SDKROOT; };
		C751055D1D742CE100F4C341 /* CoreGraphics.framework */ = {isa = PBXFileReference; lastKnownFileType = wrapper.framework; name = CoreGraphics.framework; path = System/Library/Frameworks/CoreGraphics.framework; sourceTree = SDKROOT; };
		C751055F1D742D0500F4C341 /* UIKit.framework */ = {isa = PBXFileReference; lastKnownFileType = wrapper.framework; name = UIKit.framework; path = System/Library/Frameworks/UIKit.framework; sourceTree = SDKROOT; };
		C75105611D742D4700F4C341 /* PrefixHeader.pch */ = {isa = PBXFileReference; fileEncoding = 4; lastKnownFileType = sourcecode.c.h; path = PrefixHeader.pch; sourceTree = "<group>"; };
		C75105631D742D8600F4C341 /* CoreLocation.framework */ = {isa = PBXFileReference; lastKnownFileType = wrapper.framework; name = CoreLocation.framework; path = System/Library/Frameworks/CoreLocation.framework; sourceTree = SDKROOT; };
		C75945651DAE217400774FAD /* KMObject.h */ = {isa = PBXFileReference; fileEncoding = 4; lastKnownFileType = sourcecode.c.h; path = KMObject.h; sourceTree = "<group>"; };
		C76B86B71DAF16EC005F6751 /* KatsanaAPI+Vehicle.swift */ = {isa = PBXFileReference; fileEncoding = 4; lastKnownFileType = sourcecode.swift; path = "KatsanaAPI+Vehicle.swift"; sourceTree = "<group>"; };
		C76B86B91DAF1B56005F6751 /* KatsanaAPI+Logic.swift */ = {isa = PBXFileReference; fileEncoding = 4; lastKnownFileType = sourcecode.swift; path = "KatsanaAPI+Logic.swift"; sourceTree = "<group>"; };
		C76B86BB1DAF2379005F6751 /* SwiftyJSON.framework */ = {isa = PBXFileReference; lastKnownFileType = wrapper.framework; name = SwiftyJSON.framework; path = Carthage/Build/iOS/SwiftyJSON.framework; sourceTree = "<group>"; };
		C76B86BE1DAF5572005F6751 /* User.swift */ = {isa = PBXFileReference; fileEncoding = 4; lastKnownFileType = sourcecode.swift; path = User.swift; sourceTree = "<group>"; };
		C76B86C21DAF569B005F6751 /* ObjectJSONTransformer.swift */ = {isa = PBXFileReference; fileEncoding = 4; lastKnownFileType = sourcecode.swift; path = ObjectJSONTransformer.swift; sourceTree = "<group>"; };
		C76B86C41DAF8A48005F6751 /* KatsanaAPI+Trip.swift */ = {isa = PBXFileReference; fileEncoding = 4; lastKnownFileType = sourcecode.swift; path = "KatsanaAPI+Trip.swift"; sourceTree = "<group>"; };
		C773C96D1D98B02C00FC698E /* FastCoder.h */ = {isa = PBXFileReference; fileEncoding = 4; lastKnownFileType = sourcecode.c.h; path = FastCoder.h; sourceTree = "<group>"; };
		C773C96E1D98B02C00FC698E /* FastCoder.m */ = {isa = PBXFileReference; fileEncoding = 4; lastKnownFileType = sourcecode.c.objc; path = FastCoder.m; sourceTree = "<group>"; };
		C78B22101D757441002E25C3 /* KMConstant.h */ = {isa = PBXFileReference; fileEncoding = 4; lastKnownFileType = sourcecode.c.h; path = KMConstant.h; sourceTree = "<group>"; };
		C78B22111D757441002E25C3 /* KMConstant.m */ = {isa = PBXFileReference; fileEncoding = 4; lastKnownFileType = sourcecode.c.objc; path = KMConstant.m; sourceTree = "<group>"; };
		C78B22141D75754B002E25C3 /* LICENSE */ = {isa = PBXFileReference; fileEncoding = 4; lastKnownFileType = text; path = LICENSE; sourceTree = "<group>"; };
		C797D59F1DAE521A00138ACE /* Siesta.framework */ = {isa = PBXFileReference; lastKnownFileType = wrapper.framework; name = Siesta.framework; path = Carthage/Build/iOS/Siesta.framework; sourceTree = "<group>"; };
		C79C76421DADF507003A7DEF /* KatsanaAPI.swift */ = {isa = PBXFileReference; fileEncoding = 4; lastKnownFileType = sourcecode.swift; path = KatsanaAPI.swift; sourceTree = "<group>"; };
		C79C76441DADF933003A7DEF /* KatsanaAPI+Login.swift */ = {isa = PBXFileReference; fileEncoding = 4; lastKnownFileType = sourcecode.swift; path = "KatsanaAPI+Login.swift"; sourceTree = "<group>"; };
		C79D9FCE1D7D19CF0003E7A8 /* KMCacheManager.h */ = {isa = PBXFileReference; fileEncoding = 4; lastKnownFileType = sourcecode.c.h; path = KMCacheManager.h; sourceTree = "<group>"; };
		C79D9FCF1D7D19CF0003E7A8 /* KMCacheManager.m */ = {isa = PBXFileReference; fileEncoding = 4; lastKnownFileType = sourcecode.c.objc; path = KMCacheManager.m; sourceTree = "<group>"; };
		C79D9FD11D7D19CF0003E7A8 /* UIImage+Extension.h */ = {isa = PBXFileReference; fileEncoding = 4; lastKnownFileType = sourcecode.c.h; path = "UIImage+Extension.h"; sourceTree = "<group>"; };
		C79D9FD21D7D19CF0003E7A8 /* UIImage+Extension.m */ = {isa = PBXFileReference; fileEncoding = 4; lastKnownFileType = sourcecode.c.objc; path = "UIImage+Extension.m"; sourceTree = "<group>"; };
		C79D9FDB1D7D19CF0003E7A8 /* KMActivityObject.h */ = {isa = PBXFileReference; fileEncoding = 4; lastKnownFileType = sourcecode.c.h; path = KMActivityObject.h; sourceTree = "<group>"; };
		C79D9FDC1D7D19CF0003E7A8 /* KMActivityObject.m */ = {isa = PBXFileReference; fileEncoding = 4; lastKnownFileType = sourcecode.c.objc; path = KMActivityObject.m; sourceTree = "<group>"; };
		C79D9FDD1D7D19CF0003E7A8 /* KMAddress.h */ = {isa = PBXFileReference; fileEncoding = 4; lastKnownFileType = sourcecode.c.h; path = KMAddress.h; sourceTree = "<group>"; };
		C79D9FDE1D7D19CF0003E7A8 /* KMAddress.m */ = {isa = PBXFileReference; fileEncoding = 4; lastKnownFileType = sourcecode.c.objc; path = KMAddress.m; sourceTree = "<group>"; };
		C79D9FDF1D7D19CF0003E7A8 /* KMAvatar.h */ = {isa = PBXFileReference; fileEncoding = 4; lastKnownFileType = sourcecode.c.h; path = KMAvatar.h; sourceTree = "<group>"; };
		C79D9FE01D7D19CF0003E7A8 /* KMAvatar.m */ = {isa = PBXFileReference; fileEncoding = 4; lastKnownFileType = sourcecode.c.objc; path = KMAvatar.m; sourceTree = "<group>"; };
		C79D9FE11D7D19CF0003E7A8 /* KMNotificationSettings.h */ = {isa = PBXFileReference; fileEncoding = 4; lastKnownFileType = sourcecode.c.h; path = KMNotificationSettings.h; sourceTree = "<group>"; };
		C79D9FE21D7D19CF0003E7A8 /* KMNotificationSettings.m */ = {isa = PBXFileReference; fileEncoding = 4; lastKnownFileType = sourcecode.c.objc; path = KMNotificationSettings.m; sourceTree = "<group>"; };
		C79D9FE31D7D19CF0003E7A8 /* KMNotificationSettingsObject.h */ = {isa = PBXFileReference; fileEncoding = 4; lastKnownFileType = sourcecode.c.h; path = KMNotificationSettingsObject.h; sourceTree = "<group>"; };
		C79D9FE41D7D19CF0003E7A8 /* KMNotificationSettingsObject.m */ = {isa = PBXFileReference; fileEncoding = 4; lastKnownFileType = sourcecode.c.objc; path = KMNotificationSettingsObject.m; sourceTree = "<group>"; };
		C79D9FE51D7D19CF0003E7A8 /* KMTrip.h */ = {isa = PBXFileReference; fileEncoding = 4; lastKnownFileType = sourcecode.c.h; path = KMTrip.h; sourceTree = "<group>"; };
		C79D9FE61D7D19CF0003E7A8 /* KMTrip.m */ = {isa = PBXFileReference; fileEncoding = 4; lastKnownFileType = sourcecode.c.objc; path = KMTrip.m; sourceTree = "<group>"; };
		C79D9FE71D7D19CF0003E7A8 /* KMUser.h */ = {isa = PBXFileReference; fileEncoding = 4; lastKnownFileType = sourcecode.c.h; path = KMUser.h; sourceTree = "<group>"; };
		C79D9FE81D7D19CF0003E7A8 /* KMUser.m */ = {isa = PBXFileReference; fileEncoding = 4; lastKnownFileType = sourcecode.c.objc; path = KMUser.m; sourceTree = "<group>"; };
		C79D9FE91D7D19CF0003E7A8 /* KMVehicle.h */ = {isa = PBXFileReference; fileEncoding = 4; lastKnownFileType = sourcecode.c.h; path = KMVehicle.h; sourceTree = "<group>"; };
		C79D9FEA1D7D19CF0003E7A8 /* KMVehicle.m */ = {isa = PBXFileReference; fileEncoding = 4; lastKnownFileType = sourcecode.c.objc; path = KMVehicle.m; sourceTree = "<group>"; };
		C79D9FEB1D7D19CF0003E7A8 /* KMTravelHistory.h */ = {isa = PBXFileReference; fileEncoding = 4; lastKnownFileType = sourcecode.c.h; path = KMTravelHistory.h; sourceTree = "<group>"; };
		C79D9FEC1D7D19CF0003E7A8 /* KMTravelHistory.m */ = {isa = PBXFileReference; fileEncoding = 4; lastKnownFileType = sourcecode.c.objc; path = KMTravelHistory.m; sourceTree = "<group>"; };
		C79D9FED1D7D19CF0003E7A8 /* KMVehiclePosition.h */ = {isa = PBXFileReference; fileEncoding = 4; lastKnownFileType = sourcecode.c.h; path = KMVehiclePosition.h; sourceTree = "<group>"; };
		C79D9FEE1D7D19CF0003E7A8 /* KMVehiclePosition.m */ = {isa = PBXFileReference; fileEncoding = 4; lastKnownFileType = sourcecode.c.objc; path = KMVehiclePosition.m; sourceTree = "<group>"; };
		C79D9FEF1D7D19CF0003E7A8 /* KMViolation.h */ = {isa = PBXFileReference; fileEncoding = 4; lastKnownFileType = sourcecode.c.h; path = KMViolation.h; sourceTree = "<group>"; };
		C79D9FF01D7D19CF0003E7A8 /* KMViolation.m */ = {isa = PBXFileReference; fileEncoding = 4; lastKnownFileType = sourcecode.c.objc; path = KMViolation.m; sourceTree = "<group>"; };
		C79D9FF21D7D19CF0003E7A8 /* KMTimeTransformer.h */ = {isa = PBXFileReference; fileEncoding = 4; lastKnownFileType = sourcecode.c.h; path = KMTimeTransformer.h; sourceTree = "<group>"; };
		C79D9FF31D7D19CF0003E7A8 /* KMTimeTransformer.m */ = {isa = PBXFileReference; fileEncoding = 4; lastKnownFileType = sourcecode.c.objc; path = KMTimeTransformer.m; sourceTree = "<group>"; };
		C7A4BF751DAF077E007E90B8 /* KatsanaSDKTests.xctest */ = {isa = PBXFileReference; explicitFileType = wrapper.cfbundle; includeInIndex = 0; path = KatsanaSDKTests.xctest; sourceTree = BUILT_PRODUCTS_DIR; };
		C7A4BF771DAF077E007E90B8 /* KatsanaSDKTests.swift */ = {isa = PBXFileReference; lastKnownFileType = sourcecode.swift; path = KatsanaSDKTests.swift; sourceTree = "<group>"; };
		C7A4BF791DAF077E007E90B8 /* Info.plist */ = {isa = PBXFileReference; lastKnownFileType = text.plist.xml; path = Info.plist; sourceTree = "<group>"; };
		C7A4BF841DAF0C32007E90B8 /* KatsanaTest.app */ = {isa = PBXFileReference; explicitFileType = wrapper.application; includeInIndex = 0; path = KatsanaTest.app; sourceTree = BUILT_PRODUCTS_DIR; };
		C7A4BF861DAF0C32007E90B8 /* AppDelegate.swift */ = {isa = PBXFileReference; lastKnownFileType = sourcecode.swift; path = AppDelegate.swift; sourceTree = "<group>"; };
		C7A4BF881DAF0C32007E90B8 /* ViewController.swift */ = {isa = PBXFileReference; lastKnownFileType = sourcecode.swift; path = ViewController.swift; sourceTree = "<group>"; };
		C7A4BF8B1DAF0C32007E90B8 /* Base */ = {isa = PBXFileReference; lastKnownFileType = file.storyboard; name = Base; path = Base.lproj/Main.storyboard; sourceTree = "<group>"; };
		C7A4BF8D1DAF0C32007E90B8 /* Assets.xcassets */ = {isa = PBXFileReference; lastKnownFileType = folder.assetcatalog; path = Assets.xcassets; sourceTree = "<group>"; };
		C7A4BF901DAF0C32007E90B8 /* Base */ = {isa = PBXFileReference; lastKnownFileType = file.storyboard; name = Base; path = Base.lproj/LaunchScreen.storyboard; sourceTree = "<group>"; };
		C7A4BF921DAF0C32007E90B8 /* Info.plist */ = {isa = PBXFileReference; lastKnownFileType = text.plist.xml; path = Info.plist; sourceTree = "<group>"; };
/* End PBXFileReference section */

/* Begin PBXFrameworksBuildPhase section */
		C75104F91D7422BF00F4C341 /* Frameworks */ = {
			isa = PBXFrameworksBuildPhase;
			buildActionMask = 2147483647;
			files = (
				C797D5A01DAE521B00138ACE /* Siesta.framework in Frameworks */,
				C75105641D742D8600F4C341 /* CoreLocation.framework in Frameworks */,
				C75105601D742D0500F4C341 /* UIKit.framework in Frameworks */,
				C751054F1D742B5F00F4C341 /* MapKit.framework in Frameworks */,
				C76B86BC1DAF2379005F6751 /* SwiftyJSON.framework in Frameworks */,
			);
			runOnlyForDeploymentPostprocessing = 0;
		};
		C7A4BF721DAF077E007E90B8 /* Frameworks */ = {
			isa = PBXFrameworksBuildPhase;
			buildActionMask = 2147483647;
			files = (
				C7A4BF7A1DAF077E007E90B8 /* KatsanaSDK.framework in Frameworks */,
			);
			runOnlyForDeploymentPostprocessing = 0;
		};
		C7A4BF811DAF0C32007E90B8 /* Frameworks */ = {
			isa = PBXFrameworksBuildPhase;
			buildActionMask = 2147483647;
			files = (
				C7A4BF961DAF0ECB007E90B8 /* KatsanaSDK.framework in Frameworks */,
			);
			runOnlyForDeploymentPostprocessing = 0;
		};
/* End PBXFrameworksBuildPhase section */

/* Begin PBXGroup section */
		5DD901B866D20EE7A742A486 /* Frameworks */ = {
			isa = PBXGroup;
			children = (
				C76B86BB1DAF2379005F6751 /* SwiftyJSON.framework */,
				C797D59F1DAE521A00138ACE /* Siesta.framework */,
				C773C96C1D98B02C00FC698E /* FastCoder */,
				C75105631D742D8600F4C341 /* CoreLocation.framework */,
				C751055F1D742D0500F4C341 /* UIKit.framework */,
				C751055D1D742CE100F4C341 /* CoreGraphics.framework */,
				C751054E1D742B5F00F4C341 /* MapKit.framework */,
			);
			name = Frameworks;
			sourceTree = "<group>";
		};
		C75104F31D7422BF00F4C341 = {
			isa = PBXGroup;
			children = (
				C79D9FCD1D7D19CF0003E7A8 /* Cache */,
				C79D9FD01D7D19CF0003E7A8 /* Category */,
				C79D9FD31D7D19CF0003E7A8 /* Manager */,
				C79D9FDA1D7D19CF0003E7A8 /* Object */,
				C79D9FF11D7D19CF0003E7A8 /* Transformer */,
				C79D9FF41D7D19CF0003E7A8 /* View */,
				C78B22101D757441002E25C3 /* KMConstant.h */,
				C78B22111D757441002E25C3 /* KMConstant.m */,
				C78B22141D75754B002E25C3 /* LICENSE */,
				C75104FF1D7422BF00F4C341 /* KatsanaSDK */,
				C7A4BF761DAF077E007E90B8 /* KatsanaSDKTests */,
				C7A4BF851DAF0C32007E90B8 /* KatsanaTest */,
				C75104FE1D7422BF00F4C341 /* Products */,
				5DD901B866D20EE7A742A486 /* Frameworks */,
			);
			sourceTree = "<group>";
		};
		C75104FE1D7422BF00F4C341 /* Products */ = {
			isa = PBXGroup;
			children = (
				C75104FD1D7422BF00F4C341 /* KatsanaSDK.framework */,
				C7A4BF751DAF077E007E90B8 /* KatsanaSDKTests.xctest */,
				C7A4BF841DAF0C32007E90B8 /* KatsanaTest.app */,
			);
			name = Products;
			sourceTree = "<group>";
		};
		C75104FF1D7422BF00F4C341 /* KatsanaSDK */ = {
			isa = PBXGroup;
			children = (
				C75105001D7422BF00F4C341 /* KatsanaSDK.h */,
				C75105021D7422BF00F4C341 /* Info.plist */,
				C75105611D742D4700F4C341 /* PrefixHeader.pch */,
			);
			name = KatsanaSDK;
			path = KatsanaAPI;
			sourceTree = "<group>";
		};
		C773C96C1D98B02C00FC698E /* FastCoder */ = {
			isa = PBXGroup;
			children = (
				C773C96D1D98B02C00FC698E /* FastCoder.h */,
				C773C96E1D98B02C00FC698E /* FastCoder.m */,
			);
			path = FastCoder;
			sourceTree = "<group>";
		};
		C79D9FCD1D7D19CF0003E7A8 /* Cache */ = {
			isa = PBXGroup;
			children = (
				C79D9FCE1D7D19CF0003E7A8 /* KMCacheManager.h */,
				C79D9FCF1D7D19CF0003E7A8 /* KMCacheManager.m */,
			);
			name = Cache;
			path = KatsanaAPI/Cache;
			sourceTree = "<group>";
		};
		C79D9FD01D7D19CF0003E7A8 /* Category */ = {
			isa = PBXGroup;
			children = (
				C79D9FD11D7D19CF0003E7A8 /* UIImage+Extension.h */,
				C79D9FD21D7D19CF0003E7A8 /* UIImage+Extension.m */,
			);
			name = Category;
			path = KatsanaAPI/Category;
			sourceTree = "<group>";
		};
		C79D9FD31D7D19CF0003E7A8 /* Manager */ = {
			isa = PBXGroup;
			children = (
				C79C76421DADF507003A7DEF /* KatsanaAPI.swift */,
				C79C76441DADF933003A7DEF /* KatsanaAPI+Login.swift */,
				C76B86B71DAF16EC005F6751 /* KatsanaAPI+Vehicle.swift */,
				C76B86B91DAF1B56005F6751 /* KatsanaAPI+Logic.swift */,
				C76B86C41DAF8A48005F6751 /* KatsanaAPI+Trip.swift */,
			);
			name = Manager;
			path = KatsanaAPI/Manager;
			sourceTree = "<group>";
		};
		C79D9FDA1D7D19CF0003E7A8 /* Object */ = {
			isa = PBXGroup;
			children = (
				C76B86BE1DAF5572005F6751 /* User.swift */,
				C75945651DAE217400774FAD /* KMObject.h */,
				C79D9FDB1D7D19CF0003E7A8 /* KMActivityObject.h */,
				C79D9FDC1D7D19CF0003E7A8 /* KMActivityObject.m */,
				C79D9FDD1D7D19CF0003E7A8 /* KMAddress.h */,
				C79D9FDE1D7D19CF0003E7A8 /* KMAddress.m */,
				C79D9FDF1D7D19CF0003E7A8 /* KMAvatar.h */,
				C79D9FE01D7D19CF0003E7A8 /* KMAvatar.m */,
				C79D9FE11D7D19CF0003E7A8 /* KMNotificationSettings.h */,
				C79D9FE21D7D19CF0003E7A8 /* KMNotificationSettings.m */,
				C79D9FE31D7D19CF0003E7A8 /* KMNotificationSettingsObject.h */,
				C79D9FE41D7D19CF0003E7A8 /* KMNotificationSettingsObject.m */,
				C79D9FE51D7D19CF0003E7A8 /* KMTrip.h */,
				C79D9FE61D7D19CF0003E7A8 /* KMTrip.m */,
				C79D9FE71D7D19CF0003E7A8 /* KMUser.h */,
				C79D9FE81D7D19CF0003E7A8 /* KMUser.m */,
				C79D9FE91D7D19CF0003E7A8 /* KMVehicle.h */,
				C79D9FEA1D7D19CF0003E7A8 /* KMVehicle.m */,
				C79D9FEB1D7D19CF0003E7A8 /* KMTravelHistory.h */,
				C79D9FEC1D7D19CF0003E7A8 /* KMTravelHistory.m */,
				C79D9FED1D7D19CF0003E7A8 /* KMVehiclePosition.h */,
				C79D9FEE1D7D19CF0003E7A8 /* KMVehiclePosition.m */,
				C79D9FEF1D7D19CF0003E7A8 /* KMViolation.h */,
				C79D9FF01D7D19CF0003E7A8 /* KMViolation.m */,
				C76B86C21DAF569B005F6751 /* ObjectJSONTransformer.swift */,
			);
			name = Object;
			path = KatsanaAPI/Object;
			sourceTree = "<group>";
		};
		C79D9FF11D7D19CF0003E7A8 /* Transformer */ = {
			isa = PBXGroup;
			children = (
				C79D9FF21D7D19CF0003E7A8 /* KMTimeTransformer.h */,
				C79D9FF31D7D19CF0003E7A8 /* KMTimeTransformer.m */,
			);
			name = Transformer;
			path = KatsanaAPI/Transformer;
			sourceTree = "<group>";
		};
		C79D9FF41D7D19CF0003E7A8 /* View */ = {
			isa = PBXGroup;
			children = (
			);
			name = View;
			path = KatsanaAPI/View;
			sourceTree = "<group>";
		};
		C7A4BF761DAF077E007E90B8 /* KatsanaSDKTests */ = {
			isa = PBXGroup;
			children = (
				C7A4BF771DAF077E007E90B8 /* KatsanaSDKTests.swift */,
				C7A4BF791DAF077E007E90B8 /* Info.plist */,
			);
			path = KatsanaSDKTests;
			sourceTree = "<group>";
		};
		C7A4BF851DAF0C32007E90B8 /* KatsanaTest */ = {
			isa = PBXGroup;
			children = (
				C7A4BF861DAF0C32007E90B8 /* AppDelegate.swift */,
				C7A4BF881DAF0C32007E90B8 /* ViewController.swift */,
				C7A4BF8A1DAF0C32007E90B8 /* Main.storyboard */,
				C7A4BF8D1DAF0C32007E90B8 /* Assets.xcassets */,
				C7A4BF8F1DAF0C32007E90B8 /* LaunchScreen.storyboard */,
				C7A4BF921DAF0C32007E90B8 /* Info.plist */,
			);
			path = KatsanaTest;
			sourceTree = "<group>";
		};
/* End PBXGroup section */

/* Begin PBXHeadersBuildPhase section */
		C75104FA1D7422BF00F4C341 /* Headers */ = {
			isa = PBXHeadersBuildPhase;
			buildActionMask = 2147483647;
			files = (
				C79DA0071D7D19CF0003E7A8 /* KMNotificationSettingsObject.h in Headers */,
				C79DA0111D7D19CF0003E7A8 /* KMVehiclePosition.h in Headers */,
				C79DA0131D7D19CF0003E7A8 /* KMViolation.h in Headers */,
				C79DA0091D7D19CF0003E7A8 /* KMTrip.h in Headers */,
				C79D9FF51D7D19CF0003E7A8 /* KMCacheManager.h in Headers */,
				C79DA0031D7D19CF0003E7A8 /* KMAvatar.h in Headers */,
				C79DA00F1D7D19CF0003E7A8 /* KMTravelHistory.h in Headers */,
				C79DA0151D7D19CF0003E7A8 /* KMTimeTransformer.h in Headers */,
				C79DA0011D7D19CF0003E7A8 /* KMAddress.h in Headers */,
				C79DA00D1D7D19CF0003E7A8 /* KMVehicle.h in Headers */,
				C75945671DAE217400774FAD /* KMObject.h in Headers */,
				C79DA00B1D7D19CF0003E7A8 /* KMUser.h in Headers */,
				C79D9FFF1D7D19CF0003E7A8 /* KMActivityObject.h in Headers */,
				C79DA0051D7D19CF0003E7A8 /* KMNotificationSettings.h in Headers */,
				C75105621D742D4700F4C341 /* PrefixHeader.pch in Headers */,
				C79D9FF71D7D19CF0003E7A8 /* UIImage+Extension.h in Headers */,
				C78B22121D757441002E25C3 /* KMConstant.h in Headers */,
				C75105011D7422BF00F4C341 /* KatsanaSDK.h in Headers */,
				C773C96F1D98B02C00FC698E /* FastCoder.h in Headers */,
			);
			runOnlyForDeploymentPostprocessing = 0;
		};
/* End PBXHeadersBuildPhase section */

/* Begin PBXNativeTarget section */
		C75104FC1D7422BF00F4C341 /* KatsanaSDK */ = {
			isa = PBXNativeTarget;
			buildConfigurationList = C75105111D7422BF00F4C341 /* Build configuration list for PBXNativeTarget "KatsanaSDK" */;
			buildPhases = (
				C75104F81D7422BF00F4C341 /* Sources */,
				C75104F91D7422BF00F4C341 /* Frameworks */,
				C75104FA1D7422BF00F4C341 /* Headers */,
				C75104FB1D7422BF00F4C341 /* Resources */,
				C7A4BF9B1DAF0F0B007E90B8 /* CopyFiles */,
			);
			buildRules = (
			);
			dependencies = (
			);
			name = KatsanaSDK;
			productName = KatsanaAPI;
			productReference = C75104FD1D7422BF00F4C341 /* KatsanaSDK.framework */;
			productType = "com.apple.product-type.framework";
		};
		C7A4BF741DAF077E007E90B8 /* KatsanaSDKTests */ = {
			isa = PBXNativeTarget;
			buildConfigurationList = C7A4BF7D1DAF077E007E90B8 /* Build configuration list for PBXNativeTarget "KatsanaSDKTests" */;
			buildPhases = (
				C7A4BF711DAF077E007E90B8 /* Sources */,
				C7A4BF721DAF077E007E90B8 /* Frameworks */,
				C7A4BF731DAF077E007E90B8 /* Resources */,
			);
			buildRules = (
			);
			dependencies = (
				C7A4BF7C1DAF077E007E90B8 /* PBXTargetDependency */,
			);
			name = KatsanaSDKTests;
			productName = KatsanaSDKTests;
			productReference = C7A4BF751DAF077E007E90B8 /* KatsanaSDKTests.xctest */;
			productType = "com.apple.product-type.bundle.unit-test";
		};
		C7A4BF831DAF0C32007E90B8 /* KatsanaTest */ = {
			isa = PBXNativeTarget;
			buildConfigurationList = C7A4BF931DAF0C32007E90B8 /* Build configuration list for PBXNativeTarget "KatsanaTest" */;
			buildPhases = (
				C7A4BF801DAF0C32007E90B8 /* Sources */,
				C7A4BF811DAF0C32007E90B8 /* Frameworks */,
				C7A4BF821DAF0C32007E90B8 /* Resources */,
				C7A4BF9A1DAF0ECB007E90B8 /* Embed Frameworks */,
			);
			buildRules = (
			);
			dependencies = (
				C7A4BF991DAF0ECB007E90B8 /* PBXTargetDependency */,
			);
			name = KatsanaTest;
			productName = KatsanaTest;
			productReference = C7A4BF841DAF0C32007E90B8 /* KatsanaTest.app */;
			productType = "com.apple.product-type.application";
		};
/* End PBXNativeTarget section */

/* Begin PBXProject section */
		C75104F41D7422BF00F4C341 /* Project object */ = {
			isa = PBXProject;
			attributes = {
				LastSwiftUpdateCheck = 0800;
				LastUpgradeCheck = 0800;
				ORGANIZATIONNAME = pixelated;
				TargetAttributes = {
					C75104FC1D7422BF00F4C341 = {
						CreatedOnToolsVersion = 7.3.1;
						DevelopmentTeam = 47CF2FS3SX;
						LastSwiftMigration = 0800;
					};
					C7A4BF741DAF077E007E90B8 = {
						CreatedOnToolsVersion = 8.0;
						DevelopmentTeam = 47CF2FS3SX;
						ProvisioningStyle = Automatic;
					};
					C7A4BF831DAF0C32007E90B8 = {
						CreatedOnToolsVersion = 8.0;
						DevelopmentTeam = 47CF2FS3SX;
						ProvisioningStyle = Automatic;
					};
				};
			};
			buildConfigurationList = C75104F71D7422BF00F4C341 /* Build configuration list for PBXProject "KatsanaSDK" */;
			compatibilityVersion = "Xcode 3.2";
			developmentRegion = English;
			hasScannedForEncodings = 0;
			knownRegions = (
				en,
				Base,
			);
			mainGroup = C75104F31D7422BF00F4C341;
			productRefGroup = C75104FE1D7422BF00F4C341 /* Products */;
			projectDirPath = "";
			projectRoot = "";
			targets = (
				C75104FC1D7422BF00F4C341 /* KatsanaSDK */,
				C7A4BF741DAF077E007E90B8 /* KatsanaSDKTests */,
				C7A4BF831DAF0C32007E90B8 /* KatsanaTest */,
			);
		};
/* End PBXProject section */

/* Begin PBXResourcesBuildPhase section */
		C75104FB1D7422BF00F4C341 /* Resources */ = {
			isa = PBXResourcesBuildPhase;
			buildActionMask = 2147483647;
			files = (
				C78B22151D75754B002E25C3 /* LICENSE in Resources */,
			);
			runOnlyForDeploymentPostprocessing = 0;
		};
		C7A4BF731DAF077E007E90B8 /* Resources */ = {
			isa = PBXResourcesBuildPhase;
			buildActionMask = 2147483647;
			files = (
			);
			runOnlyForDeploymentPostprocessing = 0;
		};
		C7A4BF821DAF0C32007E90B8 /* Resources */ = {
			isa = PBXResourcesBuildPhase;
			buildActionMask = 2147483647;
			files = (
				C7A4BF911DAF0C32007E90B8 /* LaunchScreen.storyboard in Resources */,
				C7A4BF8E1DAF0C32007E90B8 /* Assets.xcassets in Resources */,
				C7A4BF8C1DAF0C32007E90B8 /* Main.storyboard in Resources */,
			);
			runOnlyForDeploymentPostprocessing = 0;
		};
/* End PBXResourcesBuildPhase section */

/* Begin PBXSourcesBuildPhase section */
		C75104F81D7422BF00F4C341 /* Sources */ = {
			isa = PBXSourcesBuildPhase;
			buildActionMask = 2147483647;
			files = (
				C79D9FF81D7D19CF0003E7A8 /* UIImage+Extension.m in Sources */,
				C79DA0081D7D19CF0003E7A8 /* KMNotificationSettingsObject.m in Sources */,
				C79DA0001D7D19CF0003E7A8 /* KMActivityObject.m in Sources */,
				C79DA00C1D7D19CF0003E7A8 /* KMUser.m in Sources */,
				C79DA0141D7D19CF0003E7A8 /* KMViolation.m in Sources */,
				C76B86BA1DAF1B56005F6751 /* KatsanaAPI+Logic.swift in Sources */,
				C79DA0041D7D19CF0003E7A8 /* KMAvatar.m in Sources */,
				C79DA0061D7D19CF0003E7A8 /* KMNotificationSettings.m in Sources */,
				C79DA0101D7D19CF0003E7A8 /* KMTravelHistory.m in Sources */,
				C79C76431DADF507003A7DEF /* KatsanaAPI.swift in Sources */,
				C79DA0021D7D19CF0003E7A8 /* KMAddress.m in Sources */,
				C79D9FF61D7D19CF0003E7A8 /* KMCacheManager.m in Sources */,
				C79DA0121D7D19CF0003E7A8 /* KMVehiclePosition.m in Sources */,
				C76B86C51DAF8A48005F6751 /* KatsanaAPI+Trip.swift in Sources */,
				C79DA00E1D7D19CF0003E7A8 /* KMVehicle.m in Sources */,
				C76B86C31DAF569B005F6751 /* ObjectJSONTransformer.swift in Sources */,
				C79C76451DADF933003A7DEF /* KatsanaAPI+Login.swift in Sources */,
				C76B86B81DAF16EC005F6751 /* KatsanaAPI+Vehicle.swift in Sources */,
				C79DA00A1D7D19CF0003E7A8 /* KMTrip.m in Sources */,
				C773C9701D98B02C00FC698E /* FastCoder.m in Sources */,
				C79DA0161D7D19CF0003E7A8 /* KMTimeTransformer.m in Sources */,
				C78B22131D757441002E25C3 /* KMConstant.m in Sources */,
				C76B86BF1DAF5572005F6751 /* User.swift in Sources */,
			);
			runOnlyForDeploymentPostprocessing = 0;
		};
		C7A4BF711DAF077E007E90B8 /* Sources */ = {
			isa = PBXSourcesBuildPhase;
			buildActionMask = 2147483647;
			files = (
				C7A4BF781DAF077E007E90B8 /* KatsanaSDKTests.swift in Sources */,
			);
			runOnlyForDeploymentPostprocessing = 0;
		};
		C7A4BF801DAF0C32007E90B8 /* Sources */ = {
			isa = PBXSourcesBuildPhase;
			buildActionMask = 2147483647;
			files = (
				C7A4BF891DAF0C32007E90B8 /* ViewController.swift in Sources */,
				C7A4BF871DAF0C32007E90B8 /* AppDelegate.swift in Sources */,
			);
			runOnlyForDeploymentPostprocessing = 0;
		};
/* End PBXSourcesBuildPhase section */

/* Begin PBXTargetDependency section */
		C7A4BF7C1DAF077E007E90B8 /* PBXTargetDependency */ = {
			isa = PBXTargetDependency;
			target = C75104FC1D7422BF00F4C341 /* KatsanaSDK */;
			targetProxy = C7A4BF7B1DAF077E007E90B8 /* PBXContainerItemProxy */;
		};
		C7A4BF991DAF0ECB007E90B8 /* PBXTargetDependency */ = {
			isa = PBXTargetDependency;
			target = C75104FC1D7422BF00F4C341 /* KatsanaSDK */;
			targetProxy = C7A4BF981DAF0ECB007E90B8 /* PBXContainerItemProxy */;
		};
/* End PBXTargetDependency section */

/* Begin PBXVariantGroup section */
		C7A4BF8A1DAF0C32007E90B8 /* Main.storyboard */ = {
			isa = PBXVariantGroup;
			children = (
				C7A4BF8B1DAF0C32007E90B8 /* Base */,
			);
			name = Main.storyboard;
			sourceTree = "<group>";
		};
		C7A4BF8F1DAF0C32007E90B8 /* LaunchScreen.storyboard */ = {
			isa = PBXVariantGroup;
			children = (
				C7A4BF901DAF0C32007E90B8 /* Base */,
			);
			name = LaunchScreen.storyboard;
			sourceTree = "<group>";
		};
/* End PBXVariantGroup section */

/* Begin XCBuildConfiguration section */
		C751050F1D7422BF00F4C341 /* Debug */ = {
			isa = XCBuildConfiguration;
			buildSettings = {
				ALWAYS_SEARCH_USER_PATHS = NO;
				CLANG_ANALYZER_NONNULL = YES;
				CLANG_CXX_LANGUAGE_STANDARD = "gnu++0x";
				CLANG_CXX_LIBRARY = "libc++";
				CLANG_ENABLE_MODULES = YES;
				CLANG_ENABLE_OBJC_ARC = YES;
				CLANG_WARN_BOOL_CONVERSION = YES;
				CLANG_WARN_CONSTANT_CONVERSION = YES;
				CLANG_WARN_DIRECT_OBJC_ISA_USAGE = YES_ERROR;
				CLANG_WARN_EMPTY_BODY = YES;
				CLANG_WARN_ENUM_CONVERSION = YES;
				CLANG_WARN_INFINITE_RECURSION = YES;
				CLANG_WARN_INT_CONVERSION = YES;
				CLANG_WARN_OBJC_ROOT_CLASS = YES_ERROR;
				CLANG_WARN_SUSPICIOUS_MOVE = YES;
				CLANG_WARN_UNREACHABLE_CODE = YES;
				CLANG_WARN__DUPLICATE_METHOD_MATCH = YES;
				"CODE_SIGN_IDENTITY[sdk=iphoneos*]" = "iPhone Developer";
				COPY_PHASE_STRIP = NO;
				CURRENT_PROJECT_VERSION = 1;
				DEBUG_INFORMATION_FORMAT = dwarf;
				ENABLE_STRICT_OBJC_MSGSEND = YES;
				ENABLE_TESTABILITY = YES;
				GCC_C_LANGUAGE_STANDARD = gnu99;
				GCC_DYNAMIC_NO_PIC = NO;
				GCC_NO_COMMON_BLOCKS = YES;
				GCC_OPTIMIZATION_LEVEL = 0;
				GCC_PREPROCESSOR_DEFINITIONS = (
					"DEBUG=1",
					"$(inherited)",
				);
				GCC_WARN_64_TO_32_BIT_CONVERSION = YES;
				GCC_WARN_ABOUT_RETURN_TYPE = YES_ERROR;
				GCC_WARN_UNDECLARED_SELECTOR = YES;
				GCC_WARN_UNINITIALIZED_AUTOS = YES_AGGRESSIVE;
				GCC_WARN_UNUSED_FUNCTION = YES;
				GCC_WARN_UNUSED_VARIABLE = YES;
				IPHONEOS_DEPLOYMENT_TARGET = 9.3;
				MTL_ENABLE_DEBUG_INFO = YES;
				ONLY_ACTIVE_ARCH = YES;
				SDKROOT = iphoneos;
				TARGETED_DEVICE_FAMILY = "1,2";
				VERSIONING_SYSTEM = "apple-generic";
				VERSION_INFO_PREFIX = "";
			};
			name = Debug;
		};
		C75105101D7422BF00F4C341 /* Release */ = {
			isa = XCBuildConfiguration;
			buildSettings = {
				ALWAYS_SEARCH_USER_PATHS = NO;
				CLANG_ANALYZER_NONNULL = YES;
				CLANG_CXX_LANGUAGE_STANDARD = "gnu++0x";
				CLANG_CXX_LIBRARY = "libc++";
				CLANG_ENABLE_MODULES = YES;
				CLANG_ENABLE_OBJC_ARC = YES;
				CLANG_WARN_BOOL_CONVERSION = YES;
				CLANG_WARN_CONSTANT_CONVERSION = YES;
				CLANG_WARN_DIRECT_OBJC_ISA_USAGE = YES_ERROR;
				CLANG_WARN_EMPTY_BODY = YES;
				CLANG_WARN_ENUM_CONVERSION = YES;
				CLANG_WARN_INFINITE_RECURSION = YES;
				CLANG_WARN_INT_CONVERSION = YES;
				CLANG_WARN_OBJC_ROOT_CLASS = YES_ERROR;
				CLANG_WARN_SUSPICIOUS_MOVE = YES;
				CLANG_WARN_UNREACHABLE_CODE = YES;
				CLANG_WARN__DUPLICATE_METHOD_MATCH = YES;
				"CODE_SIGN_IDENTITY[sdk=iphoneos*]" = "iPhone Developer";
				COPY_PHASE_STRIP = NO;
				CURRENT_PROJECT_VERSION = 1;
				DEBUG_INFORMATION_FORMAT = "dwarf-with-dsym";
				ENABLE_NS_ASSERTIONS = NO;
				ENABLE_STRICT_OBJC_MSGSEND = YES;
				GCC_C_LANGUAGE_STANDARD = gnu99;
				GCC_NO_COMMON_BLOCKS = YES;
				GCC_WARN_64_TO_32_BIT_CONVERSION = YES;
				GCC_WARN_ABOUT_RETURN_TYPE = YES_ERROR;
				GCC_WARN_UNDECLARED_SELECTOR = YES;
				GCC_WARN_UNINITIALIZED_AUTOS = YES_AGGRESSIVE;
				GCC_WARN_UNUSED_FUNCTION = YES;
				GCC_WARN_UNUSED_VARIABLE = YES;
				IPHONEOS_DEPLOYMENT_TARGET = 9.3;
				MTL_ENABLE_DEBUG_INFO = NO;
				SDKROOT = iphoneos;
				SWIFT_OPTIMIZATION_LEVEL = "-Owholemodule";
				TARGETED_DEVICE_FAMILY = "1,2";
				VALIDATE_PRODUCT = YES;
				VERSIONING_SYSTEM = "apple-generic";
				VERSION_INFO_PREFIX = "";
			};
			name = Release;
		};
		C75105121D7422BF00F4C341 /* Debug */ = {
			isa = XCBuildConfiguration;
			buildSettings = {
				CLANG_ALLOW_NON_MODULAR_INCLUDES_IN_FRAMEWORK_MODULES = YES;
				CLANG_ENABLE_MODULES = YES;
				"CODE_SIGN_IDENTITY[sdk=iphoneos*]" = "";
				DEFINES_MODULE = YES;
				DEVELOPMENT_TEAM = 47CF2FS3SX;
				DYLIB_COMPATIBILITY_VERSION = 1;
				DYLIB_CURRENT_VERSION = 1;
				DYLIB_INSTALL_NAME_BASE = "@rpath";
				FRAMEWORK_SEARCH_PATHS = (
					"$(inherited)",
					"$(PROJECT_DIR)",
					"$(PROJECT_DIR)/Carthage/Build/iOS",
				);
				GCC_PREFIX_HEADER = KatsanaAPI/PrefixHeader.pch;
				INFOPLIST_FILE = KatsanaAPI/Info.plist;
				INSTALL_PATH = "$(LOCAL_LIBRARY_DIR)/Frameworks";
				LD_RUNPATH_SEARCH_PATHS = "$(inherited) @executable_path/Frameworks @loader_path/Frameworks";
				ONLY_ACTIVE_ARCH = NO;
				PRODUCT_BUNDLE_IDENTIFIER = com.pixelated.KatsanaSDK;
				PRODUCT_NAME = KatsanaSDK;
				SKIP_INSTALL = YES;
				SWIFT_OPTIMIZATION_LEVEL = "-Onone";
				SWIFT_VERSION = 3.0;
			};
			name = Debug;
		};
		C75105131D7422BF00F4C341 /* Release */ = {
			isa = XCBuildConfiguration;
			buildSettings = {
				CLANG_ALLOW_NON_MODULAR_INCLUDES_IN_FRAMEWORK_MODULES = YES;
				CLANG_ENABLE_MODULES = YES;
				"CODE_SIGN_IDENTITY[sdk=iphoneos*]" = "";
				DEFINES_MODULE = YES;
				DEVELOPMENT_TEAM = 47CF2FS3SX;
				DYLIB_COMPATIBILITY_VERSION = 1;
				DYLIB_CURRENT_VERSION = 1;
				DYLIB_INSTALL_NAME_BASE = "@rpath";
				FRAMEWORK_SEARCH_PATHS = (
					"$(inherited)",
					"$(PROJECT_DIR)",
					"$(PROJECT_DIR)/Carthage/Build/iOS",
				);
				GCC_PREFIX_HEADER = KatsanaAPI/PrefixHeader.pch;
				INFOPLIST_FILE = KatsanaAPI/Info.plist;
				INSTALL_PATH = "$(LOCAL_LIBRARY_DIR)/Frameworks";
				LD_RUNPATH_SEARCH_PATHS = "$(inherited) @executable_path/Frameworks @loader_path/Frameworks";
				ONLY_ACTIVE_ARCH = NO;
				PRODUCT_BUNDLE_IDENTIFIER = com.pixelated.KatsanaSDK;
				PRODUCT_NAME = KatsanaSDK;
				SKIP_INSTALL = YES;
				SWIFT_VERSION = 3.0;
			};
			name = Release;
		};
		C7A4BF7E1DAF077E007E90B8 /* Debug */ = {
			isa = XCBuildConfiguration;
			buildSettings = {
				CLANG_WARN_DOCUMENTATION_COMMENTS = YES;
				CLANG_WARN_SUSPICIOUS_MOVES = YES;
				DEVELOPMENT_TEAM = 47CF2FS3SX;
				INFOPLIST_FILE = KatsanaSDKTests/Info.plist;
				IPHONEOS_DEPLOYMENT_TARGET = 10.0;
				LD_RUNPATH_SEARCH_PATHS = "$(inherited) @executable_path/Frameworks @loader_path/Frameworks";
				PRODUCT_BUNDLE_IDENTIFIER = com.pixelated.KatsanaSDKTests;
				PRODUCT_NAME = "$(TARGET_NAME)";
				SWIFT_ACTIVE_COMPILATION_CONDITIONS = DEBUG;
				SWIFT_OPTIMIZATION_LEVEL = "-Onone";
				SWIFT_VERSION = 3.0;
			};
			name = Debug;
		};
		C7A4BF7F1DAF077E007E90B8 /* Release */ = {
			isa = XCBuildConfiguration;
			buildSettings = {
				CLANG_WARN_DOCUMENTATION_COMMENTS = YES;
				CLANG_WARN_SUSPICIOUS_MOVES = YES;
				DEVELOPMENT_TEAM = 47CF2FS3SX;
				INFOPLIST_FILE = KatsanaSDKTests/Info.plist;
				IPHONEOS_DEPLOYMENT_TARGET = 10.0;
				LD_RUNPATH_SEARCH_PATHS = "$(inherited) @executable_path/Frameworks @loader_path/Frameworks";
				PRODUCT_BUNDLE_IDENTIFIER = com.pixelated.KatsanaSDKTests;
				PRODUCT_NAME = "$(TARGET_NAME)";
				SWIFT_VERSION = 3.0;
			};
			name = Release;
		};
		C7A4BF941DAF0C32007E90B8 /* Debug */ = {
			isa = XCBuildConfiguration;
			buildSettings = {
				ALWAYS_EMBED_SWIFT_STANDARD_LIBRARIES = YES;
				ASSETCATALOG_COMPILER_APPICON_NAME = AppIcon;
				CLANG_WARN_DOCUMENTATION_COMMENTS = YES;
				CLANG_WARN_SUSPICIOUS_MOVES = YES;
				DEVELOPMENT_TEAM = 47CF2FS3SX;
				INFOPLIST_FILE = KatsanaTest/Info.plist;
				IPHONEOS_DEPLOYMENT_TARGET = 10.0;
				LD_RUNPATH_SEARCH_PATHS = "$(inherited) @executable_path/Frameworks";
				PRODUCT_BUNDLE_IDENTIFIER = com.pixelated.KatsanaTest;
				PRODUCT_NAME = "$(TARGET_NAME)";
				SWIFT_ACTIVE_COMPILATION_CONDITIONS = DEBUG;
				SWIFT_OPTIMIZATION_LEVEL = "-Onone";
				SWIFT_VERSION = 3.0;
			};
			name = Debug;
		};
		C7A4BF951DAF0C32007E90B8 /* Release */ = {
			isa = XCBuildConfiguration;
			buildSettings = {
				ALWAYS_EMBED_SWIFT_STANDARD_LIBRARIES = YES;
				ASSETCATALOG_COMPILER_APPICON_NAME = AppIcon;
				CLANG_WARN_DOCUMENTATION_COMMENTS = YES;
				CLANG_WARN_SUSPICIOUS_MOVES = YES;
				DEVELOPMENT_TEAM = 47CF2FS3SX;
				INFOPLIST_FILE = KatsanaTest/Info.plist;
				IPHONEOS_DEPLOYMENT_TARGET = 10.0;
				LD_RUNPATH_SEARCH_PATHS = "$(inherited) @executable_path/Frameworks";
				PRODUCT_BUNDLE_IDENTIFIER = com.pixelated.KatsanaTest;
				PRODUCT_NAME = "$(TARGET_NAME)";
				SWIFT_VERSION = 3.0;
			};
			name = Release;
		};
/* End XCBuildConfiguration section */

/* Begin XCConfigurationList section */
		C75104F71D7422BF00F4C341 /* Build configuration list for PBXProject "KatsanaSDK" */ = {
			isa = XCConfigurationList;
			buildConfigurations = (
				C751050F1D7422BF00F4C341 /* Debug */,
				C75105101D7422BF00F4C341 /* Release */,
			);
			defaultConfigurationIsVisible = 0;
			defaultConfigurationName = Release;
		};
		C75105111D7422BF00F4C341 /* Build configuration list for PBXNativeTarget "KatsanaSDK" */ = {
			isa = XCConfigurationList;
			buildConfigurations = (
				C75105121D7422BF00F4C341 /* Debug */,
				C75105131D7422BF00F4C341 /* Release */,
			);
			defaultConfigurationIsVisible = 0;
			defaultConfigurationName = Release;
		};
		C7A4BF7D1DAF077E007E90B8 /* Build configuration list for PBXNativeTarget "KatsanaSDKTests" */ = {
			isa = XCConfigurationList;
			buildConfigurations = (
				C7A4BF7E1DAF077E007E90B8 /* Debug */,
				C7A4BF7F1DAF077E007E90B8 /* Release */,
			);
			defaultConfigurationIsVisible = 0;
			defaultConfigurationName = Release;
		};
		C7A4BF931DAF0C32007E90B8 /* Build configuration list for PBXNativeTarget "KatsanaTest" */ = {
			isa = XCConfigurationList;
			buildConfigurations = (
				C7A4BF941DAF0C32007E90B8 /* Debug */,
				C7A4BF951DAF0C32007E90B8 /* Release */,
			);
			defaultConfigurationIsVisible = 0;
			defaultConfigurationName = Release;
		};
/* End XCConfigurationList section */
	};
	rootObject = C75104F41D7422BF00F4C341 /* Project object */;
}
